
Microsoft Visual Studio Solution File, Format Version 12.00
# Visual Studio Version 16
VisualStudioVersion = 16.0.31702.278
MinimumVisualStudioVersion = 10.0.40219.1
Project("{FAE04EC0-301F-11D3-BF4B-00C04F79EFBC}") = "ServerConfigMtk-P2-20190140001", "ServerConfigMtk-P2-20190140001\ServerConfigMtk-P2-20190140001.csproj", "{C3235F0E-64A9-4627-B875-28BCD79D5AA6}"
EndProject
Global
	GlobalSection(SolutionConfigurationPlatforms) = preSolution
		Debug|Any CPU = Debug|Any CPU
		Release|Any CPU = Release|Any CPU
	EndGlobalSection
	GlobalSection(ProjectConfigurationPlatforms) = postSolution
		{C3235F0E-64A9-4627-B875-28BCD79D5AA6}.Debug|Any CPU.ActiveCfg = Debug|Any CPU
		{C3235F0E-64A9-4627-B875-28BCD79D5AA6}.Debug|Any CPU.Build.0 = Debug|Any CPU
		{C3235F0E-64A9-4627-B875-28BCD79D5AA6}.Release|Any CPU.ActiveCfg = Release|Any CPU
		{C3235F0E-64A9-4627-B875-28BCD79D5AA6}.Release|Any CPU.Build.0 = Release|Any CPU
	EndGlobalSection
	GlobalSection(SolutionProperties) = preSolution
		HideSolutionNode = FALSE
	EndGlobalSection
	GlobalSection(ExtensibilityGlobals) = postSolution
		SolutionGuid = {5E90A800-629A-4DFC-9936-5DE531ED4AB6}
	EndGlobalSection
EndGlobal
